// !$*UTF8*$!
{
	archiveVersion = 1;
	classes = {
	};
	objectVersion = 46;
	objects = {

/* Begin PBXBuildFile section */
		CE7786741E6C7FED00D50278 /* AppDelegate.swift in Sources */ = {isa = PBXBuildFile; fileRef = CE7786731E6C7FED00D50278 /* AppDelegate.swift */; };
		CE7786761E6C7FED00D50278 /* ViewController.swift in Sources */ = {isa = PBXBuildFile; fileRef = CE7786751E6C7FED00D50278 /* ViewController.swift */; };
		CE7786791E6C7FED00D50278 /* Main.storyboard in Resources */ = {isa = PBXBuildFile; fileRef = CE7786771E6C7FED00D50278 /* Main.storyboard */; };
		CE77867B1E6C7FED00D50278 /* Assets.xcassets in Resources */ = {isa = PBXBuildFile; fileRef = CE77867A1E6C7FED00D50278 /* Assets.xcassets */; };
		CE77867E1E6C7FED00D50278 /* LaunchScreen.storyboard in Resources */ = {isa = PBXBuildFile; fileRef = CE77867C1E6C7FED00D50278 /* LaunchScreen.storyboard */; };
/* End PBXBuildFile section */

/* Begin PBXFileReference section */
		CE7786701E6C7FED00D50278 /* FacebookIntregation.app */ = {isa = PBXFileReference; explicitFileType = wrapper.application; includeInIndex = 0; path = FacebookIntregation.app; sourceTree = BUILT_PRODUCTS_DIR; };
		CE7786731E6C7FED00D50278 /* AppDelegate.swift */ = {isa = PBXFileReference; lastKnownFileType = sourcecode.swift; path = AppDelegate.swift; sourceTree = "<group>"; };
		CE7786751E6C7FED00D50278 /* ViewController.swift */ = {isa = PBXFileReference; lastKnownFileType = sourcecode.swift; path = ViewController.swift; sourceTree = "<group>"; };
		CE7786781E6C7FED00D50278 /* Base */ = {isa = PBXFileReference; lastKnownFileType = file.storyboard; name = Base; path = Base.lproj/Main.storyboard; sourceTree = "<group>"; };
		CE77867A1E6C7FED00D50278 /* Assets.xcassets */ = {isa = PBXFileReference; lastKnownFileType = folder.assetcatalog; path = Assets.xcassets; sourceTree = "<group>"; };
		CE77867D1E6C7FED00D50278 /* Base */ = {isa = PBXFileReference; lastKnownFileType = file.storyboard; name = Base; path = Base.lproj/LaunchScreen.storyboard; sourceTree = "<group>"; };
		CE77867F1E6C7FED00D50278 /* Info.plist */ = {isa = PBXFileReference; lastKnownFileType = text.plist.xml; path = Info.plist; sourceTree = "<group>"; };
/* End PBXFileReference section */

/* Begin PBXFrameworksBuildPhase section */
		CE77866D1E6C7FED00D50278 /* Frameworks */ = {
			isa = PBXFrameworksBuildPhase;
			buildActionMask = 2147483647;
			files = (
			);
			runOnlyForDeploymentPostprocessing = 0;
		};
/* End PBXFrameworksBuildPhase section */

/* Begin PBXGroup section */
		CE7786671E6C7FED00D50278 = {
			isa = PBXGroup;
			children = (
				CE7786721E6C7FED00D50278 /* FacebookIntregation */,
				CE7786711E6C7FED00D50278 /* Products */,
			);
			sourceTree = "<group>";
		};
		CE7786711E6C7FED00D50278 /* Products */ = {
			isa = PBXGroup;
			children = (
				CE7786701E6C7FED00D50278 /* FacebookIntregation.app */,
			);
			name = Products;
			sourceTree = "<group>";
		};
		CE7786721E6C7FED00D50278 /* FacebookIntregation */ = {
			isa = PBXGroup;
			children = (
				CE7786731E6C7FED00D50278 /* AppDelegate.swift */,
				CE7786751E6C7FED00D50278 /* ViewController.swift */,
				CE7786771E6C7FED00D50278 /* Main.storyboard */,
				CE77867A1E6C7FED00D50278 /* Assets.xcassets */,
				CE77867C1E6C7FED00D50278 /* LaunchScreen.storyboard */,
				CE77867F1E6C7FED00D50278 /* Info.plist */,
			);
			path = FacebookIntregation;
			sourceTree = "<group>";
		};
/* End PBXGroup section */

/* Begin PBXNativeTarget section */
		CE77866F1E6C7FED00D50278 /* FacebookIntregation */ = {
			isa = PBXNativeTarget;
			buildConfigurationList = CE7786821E6C7FED00D50278 /* Build configuration list for PBXNativeTarget "FacebookIntregation" */;
			buildPhases = (
				CE77866C1E6C7FED00D50278 /* Sources */,
				CE77866D1E6C7FED00D50278 /* Frameworks */,
				CE77866E1E6C7FED00D50278 /* Resources */,
			);
			buildRules = (
			);
			dependencies = (
			);
			name = FacebookIntregation;
			productName = FacebookIntregation;
			productReference = CE7786701E6C7FED00D50278 /* FacebookIntregation.app */;
			productType = "com.apple.product-type.application";
		};
/* End PBXNativeTarget section */

/* Begin PBXProject section */
		CE7786681E6C7FED00D50278 /* Project object */ = {
			isa = PBXProject;
			attributes = {
				LastSwiftUpdateCheck = 0820;
				LastUpgradeCheck = 0820;
				ORGANIZATIONNAME = "Gagan Sharma";
				TargetAttributes = {
					CE77866F1E6C7FED00D50278 = {
						CreatedOnToolsVersion = 8.2.1;
						ProvisioningStyle = Automatic;
					};
				};
			};
			buildConfigurationList = CE77866B1E6C7FED00D50278 /* Build configuration list for PBXProject "FacebookIntregation" */;
			compatibilityVersion = "Xcode 3.2";
			developmentRegion = English;
			hasScannedForEncodings = 0;
			knownRegions = (
				en,
				Base,
			);
			mainGroup = CE7786671E6C7FED00D50278;
			productRefGroup = CE7786711E6C7FED00D50278 /* Products */;
			projectDirPath = "";
			projectRoot = "";
			targets = (
				CE77866F1E6C7FED00D50278 /* FacebookIntregation */,
			);
		};
/* End PBXProject section */

/* Begin PBXResourcesBuildPhase section */
		CE77866E1E6C7FED00D50278 /* Resources */ = {
			isa = PBXResourcesBuildPhase;
			buildActionMask = 2147483647;
			files = (
				CE77867E1E6C7FED00D50278 /* LaunchScreen.storyboard in Resources */,
				CE77867B1E6C7FED00D50278 /* Assets.xcassets in Resources */,
				CE7786791E6C7FED00D50278 /* Main.storyboard in Resources */,
			);
			runOnlyForDeploymentPostprocessing = 0;
		};
/* End PBXResourcesBuildPhase section */

/* Begin PBXSourcesBuildPhase section */
		CE77866C1E6C7FED00D50278 /* Sources */ = {
			isa = PBXSourcesBuildPhase;
			buildActionMask = 2147483647;
			files = (
				CE7786761E6C7FED00D50278 /* ViewController.swift in Sources */,
				CE7786741E6C7FED00D50278 /* AppDelegate.swift in Sources */,
			);
			runOnlyForDeploymentPostprocessing = 0;
		};
/* End PBXSourcesBuildPhase section */

/* Begin PBXVariantGroup section */
		CE7786771E6C7FED00D50278 /* Main.storyboard */ = {
			isa = PBXVariantGroup;
			children = (
				CE7786781E6C7FED00D50278 /* Base */,
			);
			name = Main.storyboard;
			sourceTree = "<group>";
		};
		CE77867C1E6C7FED00D50278 /* LaunchScreen.storyboard */ = {
			isa = PBXVariantGroup;
			children = (
				CE77867D1E6C7FED00D50278 /* Base */,
			);
			name = LaunchScreen.storyboard;
			sourceTree = "<group>";
		};
/* End PBXVariantGroup section */

/* Begin XCBuildConfiguration section */
		CE7786801E6C7FED00D50278 /* Debug */ = {
			isa = XCBuildConfiguration;
			buildSettings = {
				ALWAYS_SEARCH_USER_PATHS = NO;
				CLANG_ANALYZER_NONNULL = YES;
				CLANG_CXX_LANGUAGE_STANDARD = "gnu++0x";
				CLANG_CXX_LIBRARY = "libc++";
				CLANG_ENABLE_MODULES = YES;
				CLANG_ENABLE_OBJC_ARC = YES;
				CLANG_WARN_BOOL_CONVERSION = YES;
				CLANG_WARN_CONSTANT_CONVERSION = YES;
				CLANG_WARN_DIRECT_OBJC_ISA_USAGE = YES_ERROR;
				CLANG_WARN_DOCUMENTATION_COMMENTS = YES;
				CLANG_WARN_EMPTY_BODY = YES;
				CLANG_WARN_ENUM_CONVERSION = YES;
				CLANG_WARN_INFINITE_RECURSION = YES;
				CLANG_WARN_INT_CONVERSION = YES;
				CLANG_WARN_OBJC_ROOT_CLASS = YES_ERROR;
				CLANG_WARN_SUSPICIOUS_MOVE = YES;
				CLANG_WARN_UNREACHABLE_CODE = YES;
				CLANG_WARN__DUPLICATE_METHOD_MATCH = YES;
				"CODE_SIGN_IDENTITY[sdk=iphoneos*]" = "iPhone Developer";
				COPY_PHASE_STRIP = NO;
				DEBUG_INFORMATION_FORMAT = dwarf;
				ENABLE_STRICT_OBJC_MSGSEND = YES;
				ENABLE_TESTABILITY = YES;
				GCC_C_LANGUAGE_STANDARD = gnu99;
				GCC_DYNAMIC_NO_PIC = NO;
				GCC_NO_COMMON_BLOCKS = YES;
				GCC_OPTIMIZATION_LEVEL = 0;
				GCC_PREPROCESSOR_DEFINITIONS = (
					"DEBUG=1",
					"$(inherited)",
				);
				GCC_WARN_64_TO_32_BIT_CONVERSION = YES;
				GCC_WARN_ABOUT_RETURN_TYPE = YES_ERROR;
				GCC_WARN_UNDECLARED_SELECTOR = YES;
				GCC_WARN_UNINITIALIZED_AUTOS = YES_AGGRESSIVE;
				GCC_WARN_UNUSED_FUNCTION = YES;
				GCC_WARN_UNUSED_VARIABLE = YES;
				IPHONEOS_DEPLOYMENT_TARGET = 10.2;
				MTL_ENABLE_DEBUG_INFO = YES;
				ONLY_ACTIVE_ARCH = YES;
				SDKROOT = iphoneos;
				SWIFT_ACTIVE_COMPILATION_CONDITIONS = DEBUG;
				SWIFT_OPTIMIZATION_LEVEL = "-Onone";
				TARGETED_DEVICE_FAMILY = "1,2";
			};
			name = Debug;
		};
		CE7786811E6C7FED00D50278 /* Release */ = {
			isa = XCBuildConfiguration;
			buildSettings = {
				ALWAYS_SEARCH_USER_PATHS = NO;
				CLANG_ANALYZER_NONNULL = YES;
				CLANG_CXX_LANGUAGE_STANDARD = "gnu++0x";
				CLANG_CXX_LIBRARY = "libc++";
				CLANG_ENABLE_MODULES = YES;
				CLANG_ENABLE_OBJC_ARC = YES;
				CLANG_WARN_BOOL_CONVERSION = YES;
				CLANG_WARN_CONSTANT_CONVERSION = YES;
				CLANG_WARN_DIRECT_OBJC_ISA_USAGE = YES_ERROR;
				CLANG_WARN_DOCUMENTATION_COMMENTS = YES;
				CLANG_WARN_EMPTY_BODY = YES;
				CLANG_WARN_ENUM_CONVERSION = YES;
				CLANG_WARN_INFINITE_RECURSION = YES;
				CLANG_WARN_INT_CONVERSION = YES;
				CLANG_WARN_OBJC_ROOT_CLASS = YES_ERROR;
				CLANG_WARN_SUSPICIOUS_MOVE = YES;
				CLANG_WARN_UNREACHABLE_CODE = YES;
				CLANG_WARN__DUPLICATE_METHOD_MATCH = YES;
				"CODE_SIGN_IDENTITY[sdk=iphoneos*]" = "iPhone Developer";
				COPY_PHASE_STRIP = NO;
				DEBUG_INFORMATION_FORMAT = "dwarf-with-dsym";
				ENABLE_NS_ASSERTIONS = NO;
				ENABLE_STRICT_OBJC_MSGSEND = YES;
				GCC_C_LANGUAGE_STANDARD = gnu99;
				GCC_NO_COMMON_BLOCKS = YES;
				GCC_WARN_64_TO_32_BIT_CONVERSION = YES;
				GCC_WARN_ABOUT_RETURN_TYPE = YES_ERROR;
				GCC_WARN_UNDECLARED_SELECTOR = YES;
				GCC_WARN_UNINITIALIZED_AUTOS = YES_AGGRESSIVE;
				GCC_WARN_UNUSED_FUNCTION = YES;
				GCC_WARN_UNUSED_VARIABLE = YES;
				IPHONEOS_DEPLOYMENT_TARGET = 10.2;
				MTL_ENABLE_DEBUG_INFO = NO;
				SDKROOT = iphoneos;
				SWIFT_OPTIMIZATION_LEVEL = "-Owholemodule";
				TARGETED_DEVICE_FAMILY = "1,2";
				VALIDATE_PRODUCT = YES;
			};
			name = Release;
		};
		CE7786831E6C7FED00D50278 /* Debug */ = {
			isa = XCBuildConfiguration;
			buildSettings = {
				ASSETCATALOG_COMPILER_APPICON_NAME = AppIcon;
				INFOPLIST_FILE = FacebookIntregation/Info.plist;
				LD_RUNPATH_SEARCH_PATHS = "$(inherited) @executable_path/Frameworks";
				PRODUCT_BUNDLE_IDENTIFIER = com.developer.FacebookIntregation;
				PRODUCT_NAME = "$(TARGET_NAME)";
				SWIFT_VERSION = 3.0;
			};
			name = Debug;
		};
		CE7786841E6C7FED00D50278 /* Release */ = {
			isa = XCBuildConfiguration;
			buildSettings = {
				ASSETCATALOG_COMPILER_APPICON_NAME = AppIcon;
				INFOPLIST_FILE = FacebookIntregation/Info.plist;
				LD_RUNPATH_SEARCH_PATHS = "$(inherited) @executable_path/Frameworks";
				PRODUCT_BUNDLE_IDENTIFIER = com.developer.FacebookIntregation;
				PRODUCT_NAME = "$(TARGET_NAME)";
				SWIFT_VERSION = 3.0;
			};
			name = Release;
		};
/* End XCBuildConfiguration section */

/* Begin XCConfigurationList section */
		CE77866B1E6C7FED00D50278 /* Build configuration list for PBXProject "FacebookIntregation" */ = {
			isa = XCConfigurationList;
			buildConfigurations = (
				CE7786801E6C7FED00D50278 /* Debug */,
				CE7786811E6C7FED00D50278 /* Release */,
			);
			defaultConfigurationIsVisible = 0;
			defaultConfigurationName = Release;
		};
		CE7786821E6C7FED00D50278 /* Build configuration list for PBXNativeTarget "FacebookIntregation" */ = {
			isa = XCConfigurationList;
			buildConfigurations = (
				CE7786831E6C7FED00D50278 /* Debug */,
				CE7786841E6C7FED00D50278 /* Release */,
			);
			defaultConfigurationIsVisible = 0;
			defaultConfigurationName = Release;
		};
/* End XCConfigurationList section */
	};
	rootObject = CE7786681E6C7FED00D50278 /* Project object */;
}
